
Microsoft Visual Studio Solution File, Format Version 12.00
Project("{FAE04EC0-301F-11D3-BF4B-00C04F79EFBC}") = "LanguageConventer", "LanguageConventer\LanguageConventer.csproj", "{D490372D-EF58-4716-AE96-ECC52AF9CDAF}"
EndProject
Global
	GlobalSection(SolutionConfigurationPlatforms) = preSolution
		Debug|Any CPU = Debug|Any CPU
		Release|Any CPU = Release|Any CPU
	EndGlobalSection
	GlobalSection(ProjectConfigurationPlatforms) = postSolution
		{D490372D-EF58-4716-AE96-ECC52AF9CDAF}.Debug|Any CPU.ActiveCfg = Debug|Any CPU
		{D490372D-EF58-4716-AE96-ECC52AF9CDAF}.Debug|Any CPU.Build.0 = Debug|Any CPU
		{D490372D-EF58-4716-AE96-ECC52AF9CDAF}.Release|Any CPU.ActiveCfg = Release|Any CPU
		{D490372D-EF58-4716-AE96-ECC52AF9CDAF}.Release|Any CPU.Build.0 = Release|Any CPU
	EndGlobalSection
EndGlobal
